
Microsoft Visual Studio Solution File, Format Version 12.00
# Visual Studio Version 17
VisualStudioVersion = 17.4.33213.308
MinimumVisualStudioVersion = 10.0.40219.1
Project("{9A19103F-16F7-4668-BE54-9A1E7A4F7556}") = "northWind", "northWind\northWind.csproj", "{FA573680-59FF-4404-A24E-391DA0C83C8D}"
	ProjectSection(ProjectDependencies) = postProject
		{10C3CE7C-6E22-4302-A090-1177CDDA0146} = {10C3CE7C-6E22-4302-A090-1177CDDA0146}
	EndProjectSection
EndProject
Project("{9A19103F-16F7-4668-BE54-9A1E7A4F7556}") = "northWind.Infrastructure", "northWind.Infrastructure\northWind.Infrastructure.csproj", "{565D17B7-4F37-4C91-A124-4D0CC93C9521}"
EndProject
Project("{9A19103F-16F7-4668-BE54-9A1E7A4F7556}") = "northWind.Domain", "northWind.Domain\northWind.Domain.csproj", "{37907E45-5CEF-42E2-AD62-0F8C71E7A745}"
EndProject
Project("{FAE04EC0-301F-11D3-BF4B-00C04F79EFBC}") = "northWind.Application", "northWind.Application\northWind.Application.csproj", "{10C3CE7C-6E22-4302-A090-1177CDDA0146}"
EndProject
Global
	GlobalSection(SolutionConfigurationPlatforms) = preSolution
		Debug|Any CPU = Debug|Any CPU
		Release|Any CPU = Release|Any CPU
	EndGlobalSection
	GlobalSection(ProjectConfigurationPlatforms) = postSolution
		{FA573680-59FF-4404-A24E-391DA0C83C8D}.Debug|Any CPU.ActiveCfg = Debug|Any CPU
		{FA573680-59FF-4404-A24E-391DA0C83C8D}.Debug|Any CPU.Build.0 = Debug|Any CPU
		{FA573680-59FF-4404-A24E-391DA0C83C8D}.Release|Any CPU.ActiveCfg = Release|Any CPU
		{FA573680-59FF-4404-A24E-391DA0C83C8D}.Release|Any CPU.Build.0 = Release|Any CPU
		{565D17B7-4F37-4C91-A124-4D0CC93C9521}.Debug|Any CPU.ActiveCfg = Debug|Any CPU
		{565D17B7-4F37-4C91-A124-4D0CC93C9521}.Debug|Any CPU.Build.0 = Debug|Any CPU
		{565D17B7-4F37-4C91-A124-4D0CC93C9521}.Release|Any CPU.ActiveCfg = Release|Any CPU
		{565D17B7-4F37-4C91-A124-4D0CC93C9521}.Release|Any CPU.Build.0 = Release|Any CPU
		{37907E45-5CEF-42E2-AD62-0F8C71E7A745}.Debug|Any CPU.ActiveCfg = Debug|Any CPU
		{37907E45-5CEF-42E2-AD62-0F8C71E7A745}.Debug|Any CPU.Build.0 = Debug|Any CPU
		{37907E45-5CEF-42E2-AD62-0F8C71E7A745}.Release|Any CPU.ActiveCfg = Release|Any CPU
		{37907E45-5CEF-42E2-AD62-0F8C71E7A745}.Release|Any CPU.Build.0 = Release|Any CPU
		{10C3CE7C-6E22-4302-A090-1177CDDA0146}.Debug|Any CPU.ActiveCfg = Debug|Any CPU
		{10C3CE7C-6E22-4302-A090-1177CDDA0146}.Debug|Any CPU.Build.0 = Debug|Any CPU
		{10C3CE7C-6E22-4302-A090-1177CDDA0146}.Release|Any CPU.ActiveCfg = Release|Any CPU
		{10C3CE7C-6E22-4302-A090-1177CDDA0146}.Release|Any CPU.Build.0 = Release|Any CPU
	EndGlobalSection
	GlobalSection(SolutionProperties) = preSolution
		HideSolutionNode = FALSE
	EndGlobalSection
	GlobalSection(ExtensibilityGlobals) = postSolution
		SolutionGuid = {564F8CFD-0820-47E7-83AE-B12227B0FD33}
	EndGlobalSection
EndGlobal
